# THIS IS AN AUTOGENERATED FILE. DO NOT EDIT THIS FILE DIRECTLY.
# yarn lockfile v1


"@babel/parser@^7.16.4":
  version "7.18.5"
  resolved "https://registry.yarnpkg.com/@babel/parser/-/parser-7.18.5.tgz#337062363436a893a2d22faa60be5bb37091c83c"
  integrity sha512-YZWVaglMiplo7v8f1oMQ5ZPQr0vn7HPeZXxXWsxXJRjGVrzUFn9OxFQl1sb5wzfootjA/yChhW84BV+383FSOw==

"@types/async@^3.2.13":
  version "3.2.13"
  resolved "https://registry.npmmirror.com/@types/async/-/async-3.2.13.tgz#ec023074c70180d17cbc9117ddc3cec2f3894ea4"
  integrity sha512-7Q3awrhnvm89OzfsmqeqRQh8mh+8Pxfgq1UvSAn2nWQ5y/F3+NrbIF0RbkWq8+5dY99ozgap2b3DNBNwjLVOxw==

"@types/node@^17.0.31":
  version "17.0.31"
  resolved "https://registry.npmmirror.com/@types/node/-/node-17.0.31.tgz#a5bb84ecfa27eec5e1c802c6bbf8139bdb163a5d"
  integrity sha512-AR0x5HbXGqkEx9CadRH3EBYx/VkiUgZIhP4wvPn/+5KIsgpNoyFaRlVe0Zlx9gRtg8fA06a9tskE2MSN7TcG4Q==

"@vitejs/plugin-vue@^2.3.3":
  version "2.3.3"
  resolved "https://registry.yarnpkg.com/@vitejs/plugin-vue/-/plugin-vue-2.3.3.tgz#fbf80cc039b82ac21a1acb0f0478de8f61fbf600"
  integrity sha512-SmQLDyhz+6lGJhPELsBdzXGc+AcaT8stgkbiTFGpXPe8Tl1tJaBw1A6pxDqDuRsVkD8uscrkx3hA7QDOoKYtyw==

"@volar/code-gen@0.38.1":
  version "0.38.1"
  resolved "https://registry.yarnpkg.com/@volar/code-gen/-/code-gen-0.38.1.tgz#0f2957057c92a7f209b5c333d68c80e2a09adf23"
  integrity sha512-QnEJfCPhPqzhQY/iN7euGoUWphyv4TmN1xK/HEpnXwgqgvIyLk/Ih3rvAFqlP6I5fTaCu6TGf9kZmjw9AlEeMA==
  dependencies:
    "@volar/source-map" "0.38.1"

"@volar/source-map@0.38.1":
  version "0.38.1"
  resolved "https://registry.yarnpkg.com/@volar/source-map/-/source-map-0.38.1.tgz#2ddc906e29b488ab48687872ff33196e4bddf05f"
  integrity sha512-1DoB8BYTle81DdLChnurYteN208qvsfz4IgwjH6T2YcnBtUvtscxMOwg0bfQJskfoLrJ5gESBvEpU8tWsEVyrQ==

"@volar/vue-code-gen@0.38.1":
  version "0.38.1"
  resolved "https://registry.yarnpkg.com/@volar/vue-code-gen/-/vue-code-gen-0.38.1.tgz#be6854c06a529e9e4357b64a06aad5e051b390d6"
  integrity sha512-tgJ2uySZKZqiq6HFKmjeVmUhJttd2LMhqtlqSukdqGx2Xw/OWnL0Di7+q6AScC6tu9/Bw570HKMHbhhLIrQm2Q==
  dependencies:
    "@volar/code-gen" "0.38.1"
    "@volar/source-map" "0.38.1"
    "@vue/compiler-core" "^3.2.37"
    "@vue/compiler-dom" "^3.2.37"
    "@vue/shared" "^3.2.37"

"@volar/vue-typescript@0.38.1":
  version "0.38.1"
  resolved "https://registry.yarnpkg.com/@volar/vue-typescript/-/vue-typescript-0.38.1.tgz#edc5739c6e6193a5d5779758c86026acb06cbc24"
  integrity sha512-D4bTuiJ2WiRppJuZ34r3pstFLTwpweke3haszJwp0ioUI9BqKgh02TFqM+qhPezH6fF0NrWCxXMMQVxZL6d7gA==
  dependencies:
    "@volar/code-gen" "0.38.1"
    "@volar/source-map" "0.38.1"
    "@volar/vue-code-gen" "0.38.1"
    "@vue/compiler-sfc" "^3.2.37"
    "@vue/reactivity" "^3.2.37"

"@vue/compiler-core@3.2.37", "@vue/compiler-core@^3.2.37":
  version "3.2.37"
  resolved "https://registry.yarnpkg.com/@vue/compiler-core/-/compiler-core-3.2.37.tgz#b3c42e04c0e0f2c496ff1784e543fbefe91e215a"
  integrity sha512-81KhEjo7YAOh0vQJoSmAD68wLfYqJvoiD4ulyedzF+OEk/bk6/hx3fTNVfuzugIIaTrOx4PGx6pAiBRe5e9Zmg==
  dependencies:
    "@babel/parser" "^7.16.4"
    "@vue/shared" "3.2.37"
    estree-walker "^2.0.2"
    source-map "^0.6.1"

"@vue/compiler-dom@3.2.37", "@vue/compiler-dom@^3.2.37":
  version "3.2.37"
  resolved "https://registry.yarnpkg.com/@vue/compiler-dom/-/compiler-dom-3.2.37.tgz#10d2427a789e7c707c872da9d678c82a0c6582b5"
  integrity sha512-yxJLH167fucHKxaqXpYk7x8z7mMEnXOw3G2q62FTkmsvNxu4FQSu5+3UMb+L7fjKa26DEzhrmCxAgFLLIzVfqQ==
  dependencies:
    "@vue/compiler-core" "3.2.37"
    "@vue/shared" "3.2.37"

"@vue/compiler-sfc@3.2.37", "@vue/compiler-sfc@^3.2.37":
  version "3.2.37"
  resolved "https://registry.yarnpkg.com/@vue/compiler-sfc/-/compiler-sfc-3.2.37.tgz#3103af3da2f40286edcd85ea495dcb35bc7f5ff4"
  integrity sha512-+7i/2+9LYlpqDv+KTtWhOZH+pa8/HnX/905MdVmAcI/mPQOBwkHHIzrsEsucyOIZQYMkXUiTkmZq5am/NyXKkg==
  dependencies:
    "@babel/parser" "^7.16.4"
    "@vue/compiler-core" "3.2.37"
    "@vue/compiler-dom" "3.2.37"
    "@vue/compiler-ssr" "3.2.37"
    "@vue/reactivity-transform" "3.2.37"
    "@vue/shared" "3.2.37"
    estree-walker "^2.0.2"
    magic-string "^0.25.7"
    postcss "^8.1.10"
    source-map "^0.6.1"

"@vue/compiler-ssr@3.2.37":
  version "3.2.37"
  resolved "https://registry.yarnpkg.com/@vue/compiler-ssr/-/compiler-ssr-3.2.37.tgz#4899d19f3a5fafd61524a9d1aee8eb0505313cff"
  integrity sha512-7mQJD7HdXxQjktmsWp/J67lThEIcxLemz1Vb5I6rYJHR5vI+lON3nPGOH3ubmbvYGt8xEUaAr1j7/tIFWiEOqw==
  dependencies:
    "@vue/compiler-dom" "3.2.37"
    "@vue/shared" "3.2.37"

"@vue/devtools-api@^6.0.0":
  version "6.1.4"
  resolved "https://registry.yarnpkg.com/@vue/devtools-api/-/devtools-api-6.1.4.tgz#b4aec2f4b4599e11ba774a50c67fa378c9824e53"
  integrity sha512-IiA0SvDrJEgXvVxjNkHPFfDx6SXw0b/TUkqMcDZWNg9fnCAHbTpoo59YfJ9QLFkwa3raau5vSlRVzMSLDnfdtQ==

"@vue/reactivity-transform@3.2.37":
  version "3.2.37"
  resolved "https://registry.yarnpkg.com/@vue/reactivity-transform/-/reactivity-transform-3.2.37.tgz#0caa47c4344df4ae59f5a05dde2a8758829f8eca"
  integrity sha512-IWopkKEb+8qpu/1eMKVeXrK0NLw9HicGviJzhJDEyfxTR9e1WtpnnbYkJWurX6WwoFP0sz10xQg8yL8lgskAZg==
  dependencies:
    "@babel/parser" "^7.16.4"
    "@vue/compiler-core" "3.2.37"
    "@vue/shared" "3.2.37"
    estree-walker "^2.0.2"
    magic-string "^0.25.7"

"@vue/reactivity@3.2.37", "@vue/reactivity@^3.2.37":
  version "3.2.37"
  resolved "https://registry.yarnpkg.com/@vue/reactivity/-/reactivity-3.2.37.tgz#5bc3847ac58828e2b78526e08219e0a1089f8848"
  integrity sha512-/7WRafBOshOc6m3F7plwzPeCu/RCVv9uMpOwa/5PiY1Zz+WLVRWiy0MYKwmg19KBdGtFWsmZ4cD+LOdVPcs52A==
  dependencies:
    "@vue/shared" "3.2.37"

"@vue/runtime-core@3.2.37":
  version "3.2.37"
  resolved "https://registry.yarnpkg.com/@vue/runtime-core/-/runtime-core-3.2.37.tgz#7ba7c54bb56e5d70edfc2f05766e1ca8519966e3"
  integrity sha512-JPcd9kFyEdXLl/i0ClS7lwgcs0QpUAWj+SKX2ZC3ANKi1U4DOtiEr6cRqFXsPwY5u1L9fAjkinIdB8Rz3FoYNQ==
  dependencies:
    "@vue/reactivity" "3.2.37"
    "@vue/shared" "3.2.37"

"@vue/runtime-dom@3.2.37":
  version "3.2.37"
  resolved "https://registry.yarnpkg.com/@vue/runtime-dom/-/runtime-dom-3.2.37.tgz#002bdc8228fa63949317756fb1e92cdd3f9f4bbd"
  integrity sha512-HimKdh9BepShW6YozwRKAYjYQWg9mQn63RGEiSswMbW+ssIht1MILYlVGkAGGQbkhSh31PCdoUcfiu4apXJoPw==
  dependencies:
    "@vue/runtime-core" "3.2.37"
    "@vue/shared" "3.2.37"
    csstype "^2.6.8"

"@vue/server-renderer@3.2.37":
  version "3.2.37"
  resolved "https://registry.yarnpkg.com/@vue/server-renderer/-/server-renderer-3.2.37.tgz#840a29c8dcc29bddd9b5f5ffa22b95c0e72afdfc"
  integrity sha512-kLITEJvaYgZQ2h47hIzPh2K3jG8c1zCVbp/o/bzQOyvzaKiCquKS7AaioPI28GNxIsE/zSx+EwWYsNxDCX95MA==
  dependencies:
    "@vue/compiler-ssr" "3.2.37"
    "@vue/shared" "3.2.37"

"@vue/shared@3.2.37", "@vue/shared@^3.2.37":
  version "3.2.37"
  resolved "https://registry.yarnpkg.com/@vue/shared/-/shared-3.2.37.tgz#8e6adc3f2759af52f0e85863dfb0b711ecc5c702"
  integrity sha512-4rSJemR2NQIo9Klm1vabqWjD8rs/ZaJSzMxkMNeJS6lHiUjjUeYFbooN19NgFjztubEKh3WlZUeOLVdbbUWHsw==

async@^3.2.3:
  version "3.2.3"
  resolved "https://registry.npmmirror.com/async/-/async-3.2.3.tgz#ac53dafd3f4720ee9e8a160628f18ea91df196c9"
  integrity sha512-spZRyzKL5l5BZQrr/6m/SqFdBN0q3OCI0f9rjfBzCMBIP4p75P620rR3gTmaksNOhmzgdxcaxdNfMy6anrbM0g==

asynckit@^0.4.0:
  version "0.4.0"
  resolved "https://registry.npmmirror.com/asynckit/-/asynckit-0.4.0.tgz#c79ed97f7f34cb8f2ba1bc9790bcc366474b4b79"

axios@^0.27.2:
  version "0.27.2"
  resolved "https://registry.npmmirror.com/axios/-/axios-0.27.2.tgz#207658cc8621606e586c85db4b41a750e756d972"
  dependencies:
    follow-redirects "^1.14.9"
    form-data "^4.0.0"

combined-stream@^1.0.8:
  version "1.0.8"
  resolved "https://registry.npmmirror.com/combined-stream/-/combined-stream-1.0.8.tgz#c3d45a8b34fd730631a110a8a2520682b31d5a7f"
  dependencies:
    delayed-stream "~1.0.0"

csstype@^2.6.8:
  version "2.6.20"
  resolved "https://registry.yarnpkg.com/csstype/-/csstype-2.6.20.tgz#9229c65ea0b260cf4d3d997cb06288e36a8d6dda"
  integrity sha512-/WwNkdXfckNgw6S5R125rrW8ez139lBHWouiBvX8dfMFtcn6V81REDqnH7+CRpRipfYlyU1CmOnOxrmGcFOjeA==

dayjs@^1.11.1:
  version "1.11.1"
  resolved "https://registry.npmmirror.com/dayjs/-/dayjs-1.11.1.tgz#90b33a3dda3417258d48ad2771b415def6545eb0"

delayed-stream@~1.0.0:
  version "1.0.0"
  resolved "https://registry.npmmirror.com/delayed-stream/-/delayed-stream-1.0.0.tgz#df3ae199acadfb7d440aaae0b29e2272b24ec619"

dotenv@^16.0.0:
  version "16.0.0"
  resolved "https://registry.npmmirror.com/dotenv/-/dotenv-16.0.0.tgz#c619001253be89ebb638d027b609c75c26e47411"

esbuild-android-64@0.14.46:
  version "0.14.46"
  resolved "https://registry.yarnpkg.com/esbuild-android-64/-/esbuild-android-64-0.14.46.tgz#98d019853ca7b526d0d645bb4618fda425b74d35"
  integrity sha512-ZyJqwAcjNbZprs0ZAxnUAOhEhdE5kTKwz+CZuLmZYNLAPyRgBtaC8pT2PCuPifNvV8Cl3yLlrQPaOCjovoyb5g==

esbuild-android-arm64@0.14.46:
  version "0.14.46"
  resolved "https://registry.yarnpkg.com/esbuild-android-arm64/-/esbuild-android-arm64-0.14.46.tgz#19835d5265b57120c14fba56a19fc317ca4bbda0"
  integrity sha512-BKcnUksvCijO9ONv6b4SikZE/OZftwJvX91XROODZGQmuwGVg97jmLDVu3lxuHdFlMNNzxh8taJ2mbCWZzH/Iw==

esbuild-darwin-64@0.14.46:
  version "0.14.46"
  resolved "https://registry.yarnpkg.com/esbuild-darwin-64/-/esbuild-darwin-64-0.14.46.tgz#2819465ab92f6df407e6462d9e56f6563a043a44"
  integrity sha512-/ss2kO92sUJ9/1nHnMb3+oab8w6dyqKrMtPMvSYJ9KZIYGAZxz/WYxfFprY7Xk+ZxWnnlASSyZlG+If1nVmFYg==

esbuild-darwin-arm64@0.14.46:
  version "0.14.46"
  resolved "https://registry.yarnpkg.com/esbuild-darwin-arm64/-/esbuild-darwin-arm64-0.14.46.tgz#2d523fa628930bba38a4f75cede75d6341bc3b5b"
  integrity sha512-WX0JOaEFf6t+rIjXO6THsf/0fhQAt2Zb0/PSYlvXnuQQAmOmFAfPsuRNocp5ME0NGaUqZd4FxqqmLEVK3RzPAg==

esbuild-freebsd-64@0.14.46:
  version "0.14.46"
  resolved "https://registry.yarnpkg.com/esbuild-freebsd-64/-/esbuild-freebsd-64-0.14.46.tgz#dbfbbb1cb943149aaa83b9e767ded6f14ad42ba5"
  integrity sha512-o+ozPFuHRCAGCVWU2bLurOUgVkT0jcPEu082VBUY2Q/yLf+B+/3nXzh4Fjp5O21tOvJRTn7hUVydG9j5+vYE6A==

esbuild-freebsd-arm64@0.14.46:
  version "0.14.46"
  resolved "https://registry.yarnpkg.com/esbuild-freebsd-arm64/-/esbuild-freebsd-arm64-0.14.46.tgz#fb066d6e7de2bd96138dd1c2fba5e8ce5233ed5a"
  integrity sha512-9zicZ0X43WDKz3sjNfcqYO38xbfJpSWYXB+FxvYYkmBwGA52K0SAu4oKuTTLi8od8X2IIo1x5C5TUNvKDSVJww==

esbuild-linux-32@0.14.46:
  version "0.14.46"
  resolved "https://registry.yarnpkg.com/esbuild-linux-32/-/esbuild-linux-32-0.14.46.tgz#ea2464b10fe188ee7c9be81a2757e2d69ffdb8c1"
  integrity sha512-ZnTpZMVb0VGvL99R5eh4OrJwbUyvpM6M88VAMuHP4LvFjuvZrhgefjKqEGuWZZW7JRnAjKqjXLjWdhdSjwMFnQ==

esbuild-linux-64@0.14.46:
  version "0.14.46"
  resolved "https://registry.yarnpkg.com/esbuild-linux-64/-/esbuild-linux-64-0.14.46.tgz#f4f2d181af6ea78137311712fca423f8fa954314"
  integrity sha512-ECCRRZtX6l4ubeVhHhiVoK/uYAkvzNqfmR4gP4N/9H9RPu+b8YCcN4bQGp7xCuYIV6Xd41WpOMyO+xpcQvjtQQ==

esbuild-linux-arm64@0.14.46:
  version "0.14.46"
  resolved "https://registry.yarnpkg.com/esbuild-linux-arm64/-/esbuild-linux-arm64-0.14.46.tgz#113d17c523dfe80c9d4981d05c58f5ada3470e30"
  integrity sha512-HX0TXCHyI0NEWG4jg8LlW1PbZQbnz+PUH56yjx996cgM5pC90u32drKs/tyJiyyQmNk9OXOogjKw7LEdp/Qc1w==

esbuild-linux-arm@0.14.46:
  version "0.14.46"
  resolved "https://registry.yarnpkg.com/esbuild-linux-arm/-/esbuild-linux-arm-0.14.46.tgz#1b6ba77b0301572b2fed35fe922b1613b10b5c7e"
  integrity sha512-RvTJEi4vj13c5FP9YPp+8Y6x6HK1E7uSqfy3y9UoeaNAzNZWA7fN1U3hQjTL/dy5zTJH5KE64mrt5k5+he+CQA==

esbuild-linux-mips64le@0.14.46:
  version "0.14.46"
  resolved "https://registry.yarnpkg.com/esbuild-linux-mips64le/-/esbuild-linux-mips64le-0.14.46.tgz#8775e12510eaf988a9bc5e6787cf0c87c3eb40d6"
  integrity sha512-jnb2NDwGqJUVmxn1v0f7seNdDm0nRNWHP9Z3MrWAGnBCdnnDlsjqRFDnbKoaQvWONEa+rOOr/giK+VL0hgQExA==

esbuild-linux-ppc64le@0.14.46:
  version "0.14.46"
  resolved "https://registry.yarnpkg.com/esbuild-linux-ppc64le/-/esbuild-linux-ppc64le-0.14.46.tgz#da003df59859b02e160827e26bc1e107bec23d07"
  integrity sha512-uu3JTQUrwwauKY9z8yq5MnDyOlT3f2DNOzBcYz4dB78HqwEqilCsifoBGd0WcbED5n57dc59X+LZMTZ8Ose44w==

esbuild-linux-riscv64@0.14.46:
  version "0.14.46"
  resolved "https://registry.yarnpkg.com/esbuild-linux-riscv64/-/esbuild-linux-riscv64-0.14.46.tgz#b6c4faf9f8482e2a898ec2becac4a6789ae3ff22"
  integrity sha512-OB29r1EG44ZY34JnXCRERxo7k4pRKoQdaoRg2HIeCavatsXZwW4LCakpLnMQ72vXT1HtpBUABEjHkKkn5JyrUg==

esbuild-linux-s390x@0.14.46:
  version "0.14.46"
  resolved "https://registry.yarnpkg.com/esbuild-linux-s390x/-/esbuild-linux-s390x-0.14.46.tgz#d30d0f7ee8466c4ec99ac2c689b70514320406b2"
  integrity sha512-XQ/U9TueMSGYyPTKyZsJVraiuvxhwCDIMn/QwFXCRCJ6H/Cy/Rq33u9qhpeSziinHKfzJROGx5A8mQY6aYamdQ==

esbuild-netbsd-64@0.14.46:
  version "0.14.46"
  resolved "https://registry.yarnpkg.com/esbuild-netbsd-64/-/esbuild-netbsd-64-0.14.46.tgz#fcf2b739b63731b5b264dc584240c0b61dbbf035"
  integrity sha512-i15BwqHaAIFp1vBJkitAbHtwXcLk9TdHs/Ia1xGIAutQYXSJNPLM3Z4B4hyfHNEFl2yBqBIYpglMohv2ClNdOQ==

esbuild-openbsd-64@0.14.46:
  version "0.14.46"
  resolved "https://registry.yarnpkg.com/esbuild-openbsd-64/-/esbuild-openbsd-64-0.14.46.tgz#fc7880751b78b325216e66470b9a3df7b1c21cbf"
  integrity sha512-XwOIFCE140Y/PvjrwjFfa/QLWBuvhR1mPCOa35mKx02jt++wPNgf0qhn6HfdVC3vQe7R46RwTp4q2cp99fepEg==

esbuild-sunos-64@0.14.46:
  version "0.14.46"
  resolved "https://registry.yarnpkg.com/esbuild-sunos-64/-/esbuild-sunos-64-0.14.46.tgz#ab73b91e79ae53dddb035da9bb69ba7dd44d36ee"
  integrity sha512-+kV3JnmfdxBVpHyFvuGXWtu6tXxXApOLPkSrVkMJf6+ns/3PLtPndpzwCzHjD+qYUEk8ln4MA+ufQ2qmjW5mZg==

esbuild-windows-32@0.14.46:
  version "0.14.46"
  resolved "https://registry.yarnpkg.com/esbuild-windows-32/-/esbuild-windows-32-0.14.46.tgz#88ad388c896325d273e92dbf28f146d1d34d4351"
  integrity sha512-gzGC1Q11B/Bo5A2EX4N22oigWmhL7Z0eDyc8kbSoJjqSrGQuRE7B0uMpluO+q0O/gZ1S3zdw+M4PCWlqOIeXLA==

esbuild-windows-64@0.14.46:
  version "0.14.46"
  resolved "https://registry.yarnpkg.com/esbuild-windows-64/-/esbuild-windows-64-0.14.46.tgz#bfb21b68d54d0db86190f8073cbf66a86bd0de14"
  integrity sha512-Do2daaskfOjmCB7o3ygz6fD3K6SPjZLERiZLktzHz2oUCwsebKu/gmop0+j/XdrVIXC32wFzHzDS+9CTu9OShw==

esbuild-windows-arm64@0.14.46:
  version "0.14.46"
  resolved "https://registry.yarnpkg.com/esbuild-windows-arm64/-/esbuild-windows-arm64-0.14.46.tgz#b8aa66a0c347342b9ae780b537d5574e9691c123"
  integrity sha512-VEzMy6bM60/HT/URTDElyhfi2Pk0quCCrEhRlI4MRno/AIqYUGw0rZwkPl6PeoqVI6BgoBHGY576GWTiPmshCA==

esbuild@^0.14.27:
  version "0.14.46"
  resolved "https://registry.yarnpkg.com/esbuild/-/esbuild-0.14.46.tgz#d548cfc13fecfd4bc074ce38e0122d1dd9b067db"
  integrity sha512-vdm5G1JdZBktva8dwQci/s44VbeBUg8g907xoZx77mqFZ4gU5GlMULNsdGeID+qXCXocsfYSGtE0LvqH3eiNQg==
  optionalDependencies:
    esbuild-android-64 "0.14.46"
    esbuild-android-arm64 "0.14.46"
    esbuild-darwin-64 "0.14.46"
    esbuild-darwin-arm64 "0.14.46"
    esbuild-freebsd-64 "0.14.46"
    esbuild-freebsd-arm64 "0.14.46"
    esbuild-linux-32 "0.14.46"
    esbuild-linux-64 "0.14.46"
    esbuild-linux-arm "0.14.46"
    esbuild-linux-arm64 "0.14.46"
    esbuild-linux-mips64le "0.14.46"
    esbuild-linux-ppc64le "0.14.46"
    esbuild-linux-riscv64 "0.14.46"
    esbuild-linux-s390x "0.14.46"
    esbuild-netbsd-64 "0.14.46"
    esbuild-openbsd-64 "0.14.46"
    esbuild-sunos-64 "0.14.46"
    esbuild-windows-32 "0.14.46"
    esbuild-windows-64 "0.14.46"
    esbuild-windows-arm64 "0.14.46"

estree-walker@^2.0.2:
  version "2.0.2"
  resolved "https://registry.yarnpkg.com/estree-walker/-/estree-walker-2.0.2.tgz#52f010178c2a4c117a7757cfe942adb7d2da4cac"
  integrity sha512-Rfkk/Mp/DL7JVje3u18FxFujQlTNR2q6QfMSMB7AvCBx91NGj/ba3kCfza0f6dVDbw7YlRf/nDrn7pQrCCyQ/w==

follow-redirects@^1.14.9:
  version "1.14.9"
  resolved "https://registry.npmmirror.com/follow-redirects/-/follow-redirects-1.14.9.tgz#dd4ea157de7bfaf9ea9b3fbd85aa16951f78d8d7"

form-data@^4.0.0:
  version "4.0.0"
  resolved "https://registry.npmmirror.com/form-data/-/form-data-4.0.0.tgz#93919daeaf361ee529584b9b31664dc12c9fa452"
  dependencies:
    asynckit "^0.4.0"
    combined-stream "^1.0.8"
    mime-types "^2.1.12"

fsevents@~2.3.2:
  version "2.3.2"
  resolved "https://registry.yarnpkg.com/fsevents/-/fsevents-2.3.2.tgz#8a526f78b8fdf4623b709e0b975c52c24c02fd1a"
  integrity sha512-xiqMQR4xAeHTuB9uWm+fFRcIOgKBMiOBP+eXiyT7jsgVCq1bkVygt00oASowB7EdtpOHaaPgKt812P9ab+DDKA==

function-bind@^1.1.1:
  version "1.1.1"
  resolved "https://registry.yarnpkg.com/function-bind/-/function-bind-1.1.1.tgz#a56899d3ea3c9bab874bb9773b7c5ede92f4895d"
  integrity sha512-yIovAzMX49sF8Yl58fSCWJ5svSLuaibPxXQJFLmBObTuCr0Mf1KiPopGM9NiFjiYBCbfaa2Fh6breQ6ANVTI0A==

has@^1.0.3:
  version "1.0.3"
  resolved "https://registry.yarnpkg.com/has/-/has-1.0.3.tgz#722d7cbfc1f6aa8241f16dd814e011e1f41e8796"
  integrity sha512-f2dvO0VU6Oej7RkWJGrehjbzMAjFp5/VKPp5tTpWIV4JHHZK1/BxbFRtf/siA2SWTe09caDmVtYYzWEIbBS4zw==
  dependencies:
    function-bind "^1.1.1"

is-core-module@^2.9.0:
  version "2.9.0"
  resolved "https://registry.yarnpkg.com/is-core-module/-/is-core-module-2.9.0.tgz#e1c34429cd51c6dd9e09e0799e396e27b19a9c69"
  integrity sha512-+5FPy5PnwmO3lvfMb0AsoPaBG+5KHUI0wYFXOtYPnVVVspTFUuMZNfNaNVRt3FZadstu2c8x23vykRW/NBoU6A==
  dependencies:
    has "^1.0.3"

magic-string@^0.25.7:
  version "0.25.9"
  resolved "https://registry.yarnpkg.com/magic-string/-/magic-string-0.25.9.tgz#de7f9faf91ef8a1c91d02c2e5314c8277dbcdd1c"
  integrity sha512-RmF0AsMzgt25qzqqLc1+MbHmhdx0ojF2Fvs4XnOqz2ZOBXzzkEwc/dJQZCYHAn7v1jbVOjAZfK8msRn4BxO4VQ==
  dependencies:
    sourcemap-codec "^1.4.8"

mime-db@1.52.0:
  version "1.52.0"
  resolved "https://registry.npmmirror.com/mime-db/-/mime-db-1.52.0.tgz#bbabcdc02859f4987301c856e3387ce5ec43bf70"

mime-types@^2.1.12:
  version "2.1.35"
  resolved "https://registry.npmmirror.com/mime-types/-/mime-types-2.1.35.tgz#381a871b62a734450660ae3deee44813f70d959a"
  dependencies:
    mime-db "1.52.0"

nanoid@^3.3.4:
  version "3.3.4"
  resolved "https://registry.yarnpkg.com/nanoid/-/nanoid-3.3.4.tgz#730b67e3cd09e2deacf03c027c81c9d9dbc5e8ab"
  integrity sha512-MqBkQh/OHTS2egovRtLk45wEyNXwF+cokD+1YPf9u5VfJiRdAiRwB2froX5Co9Rh20xs4siNPm8naNotSD6RBw==

path-parse@^1.0.7:
  version "1.0.7"
  resolved "https://registry.yarnpkg.com/path-parse/-/path-parse-1.0.7.tgz#fbc114b60ca42b30d9daf5858e4bd68bbedb6735"
  integrity sha512-LDJzPVEEEPR+y48z93A0Ed0yXb8pAByGWo/k5YYdYgpY2/2EsOsksJrq7lOHxryrVOn1ejG6oAp8ahvOIQD8sw==

picocolors@^1.0.0:
  version "1.0.0"
  resolved "https://registry.yarnpkg.com/picocolors/-/picocolors-1.0.0.tgz#cb5bdc74ff3f51892236eaf79d68bc44564ab81c"
  integrity sha512-1fygroTLlHu66zi26VoTDv8yRgm0Fccecssto+MhsZ0D/DGW2sm8E8AjW7NU5VVTRt5GxbeZ5qBuJr+HyLYkjQ==

postcss@^8.1.10, postcss@^8.4.13:
  version "8.4.14"
  resolved "https://registry.yarnpkg.com/postcss/-/postcss-8.4.14.tgz#ee9274d5622b4858c1007a74d76e42e56fd21caf"
  integrity sha512-E398TUmfAYFPBSdzgeieK2Y1+1cpdxJx8yXbK/m57nRhKSmk1GB2tO4lbLBtlkfPQTDKfe4Xqv1ASWPpayPEig==
  dependencies:
    nanoid "^3.3.4"
    picocolors "^1.0.0"
    source-map-js "^1.0.2"

prettier@^2.7.1:
  version "2.7.1"
  resolved "https://registry.yarnpkg.com/prettier/-/prettier-2.7.1.tgz#e235806850d057f97bb08368a4f7d899f7760c64"
  integrity sha512-ujppO+MkdPqoVINuDFDRLClm7D78qbDt0/NR+wp5FqEZOoTNAjPHWj17QRhu7geIHJfcNhRk1XVQmF8Bp3ye+g==

resolve@^1.22.0:
  version "1.22.1"
  resolved "https://registry.yarnpkg.com/resolve/-/resolve-1.22.1.tgz#27cb2ebb53f91abb49470a928bba7558066ac177"
  integrity sha512-nBpuuYuY5jFsli/JIs1oldw6fOQCBioohqWZg/2hiaOybXOft4lonv85uDOKXdf8rhyK159cxU5cDcK/NKk8zw==
  dependencies:
    is-core-module "^2.9.0"
    path-parse "^1.0.7"
    supports-preserve-symlinks-flag "^1.0.0"

rollup@^2.59.0:
  version "2.75.6"
  resolved "https://registry.yarnpkg.com/rollup/-/rollup-2.75.6.tgz#ac4dc8600f95942a0180f61c7c9d6200e374b439"
  integrity sha512-OEf0TgpC9vU6WGROJIk1JA3LR5vk/yvqlzxqdrE2CzzXnqKXNzbAwlWUXis8RS3ZPe7LAq+YUxsRa0l3r27MLA==
  optionalDependencies:
    fsevents "~2.3.2"

source-map-js@^1.0.2:
  version "1.0.2"
  resolved "https://registry.yarnpkg.com/source-map-js/-/source-map-js-1.0.2.tgz#adbc361d9c62df380125e7f161f71c826f1e490c"
  integrity sha512-R0XvVJ9WusLiqTCEiGCmICCMplcCkIwwR11mOSD9CR5u+IXYdiseeEuXCVAjS54zqwkLcPNnmU4OeJ6tUrWhDw==

source-map@^0.6.1:
  version "0.6.1"
  resolved "https://registry.yarnpkg.com/source-map/-/source-map-0.6.1.tgz#74722af32e9614e9c287a8d0bbde48b5e2f1a263"
  integrity sha512-UjgapumWlbMhkBgzT7Ykc5YXUT46F0iKu8SGXq0bcwP5dz/h0Plj6enJqjz1Zbq2l5WaqYnrVbwWOWMyF3F47g==

sourcemap-codec@^1.4.8:
  version "1.4.8"
  resolved "https://registry.yarnpkg.com/sourcemap-codec/-/sourcemap-codec-1.4.8.tgz#ea804bd94857402e6992d05a38ef1ae35a9ab4c4"
  integrity sha512-9NykojV5Uih4lgo5So5dtw+f0JgJX30KCNI8gwhz2J9A15wD0Ml6tjHKwf6fTSa6fAdVBdZeNOs9eJ71qCk8vA==

supports-preserve-symlinks-flag@^1.0.0:
  version "1.0.0"
  resolved "https://registry.yarnpkg.com/supports-preserve-symlinks-flag/-/supports-preserve-symlinks-flag-1.0.0.tgz#6eda4bd344a3c94aea376d4cc31bc77311039e09"
  integrity sha512-ot0WnXS9fgdkgIcePe6RHNk1WA8+muPa6cSjeR3V8K27q9BB1rTE3R1p7Hv0z1ZyAc8s6Vvv8DIyWf681MAt0w==

typescript@^4.6.4:
  version "4.6.4"
  resolved "https://registry.npmmirror.com/typescript/-/typescript-4.6.4.tgz#caa78bbc3a59e6a5c510d35703f6a09877ce45e9"
  integrity sha512-9ia/jWHIEbo49HfjrLGfKbZSuWo9iTMwXO+Ca3pRsSpbsMbc7/IU8NKdCZVRRBafVPGnoJeFL76ZOAA84I9fEg==

vite@^2.9.12:
  version "2.9.12"
  resolved "https://registry.yarnpkg.com/vite/-/vite-2.9.12.tgz#b1d636b0a8ac636afe9d83e3792d4895509a941b"
  integrity sha512-suxC36dQo9Rq1qMB2qiRorNJtJAdxguu5TMvBHOc/F370KvqAe9t48vYp+/TbPKRNrMh/J55tOUmkuIqstZaew==
  dependencies:
    esbuild "^0.14.27"
    postcss "^8.4.13"
    resolve "^1.22.0"
    rollup "^2.59.0"
  optionalDependencies:
    fsevents "~2.3.2"

vue-router@4:
  version "4.0.16"
  resolved "https://registry.yarnpkg.com/vue-router/-/vue-router-4.0.16.tgz#9477beeeef36e80e04d041a1738801a55e6e862e"
  integrity sha512-JcO7cb8QJLBWE+DfxGUL3xUDOae/8nhM1KVdnudadTAORbuxIC/xAydC5Zr/VLHUDQi1ppuTF5/rjBGzgzrJNA==
  dependencies:
    "@vue/devtools-api" "^6.0.0"

vue-tsc@^0.38.1:
  version "0.38.1"
  resolved "https://registry.yarnpkg.com/vue-tsc/-/vue-tsc-0.38.1.tgz#3520f7640b315f7aafd50ca2e9972af7c4c696e1"
  integrity sha512-jwR4uwTkjsYhAW8o/BvnkeZsariNoi2Y53XSqWIbjtj7X9Laob+qwC2iVuQyRymYdqbbiqqX+CxfPWtwLACXfg==
  dependencies:
    "@volar/vue-typescript" "0.38.1"

vue@^3.2.37:
  version "3.2.37"
  resolved "https://registry.yarnpkg.com/vue/-/vue-3.2.37.tgz#da220ccb618d78579d25b06c7c21498ca4e5452e"
  integrity sha512-bOKEZxrm8Eh+fveCqS1/NkG/n6aMidsI6hahas7pa0w/l7jkbssJVsRhVDs07IdDq7h9KHswZOgItnwJAgtVtQ==
  dependencies:
    "@vue/compiler-dom" "3.2.37"
    "@vue/compiler-sfc" "3.2.37"
    "@vue/runtime-dom" "3.2.37"
    "@vue/server-renderer" "3.2.37"
    "@vue/shared" "3.2.37"
